Microsoft Visual Studio Solution File, Format Version 12.00
# Visual Studio Version 16
VisualStudioVersion = 16.0.30309.148
MinimumVisualStudioVersion = 15.0.26124.0
Project("{2150E333-8FDC-42A3-9474-1A3956D46DE8}") = "Repo", "Repo", "{9E5831CD-6490-4374-8502-825AB423A8B7}"
	ProjectSection(SolutionItems) = preProject
		.gitignore = .gitignore
		LICENSE = LICENSE
		README.md = README.md
	EndProjectSection
EndProject
Project("{2150E333-8FDC-42A3-9474-1A3956D46DE8}") = "CI", "CI", "{8C3BD3D9-5F7E-4622-80E3-45BF5190320E}"
	ProjectSection(SolutionItems) = preProject
		CI\Azure-Master.yml = CI\Azure-Master.yml
	EndProjectSection
EndProject
Project("{9A19103F-16F7-4668-BE54-9A1E7A4F7556}") = "YOLOv4", "src\YOLOv4.csproj", "{04BE1707-4235-44E6-AB58-48621D5160D3}"
EndProject
Project("{9A19103F-16F7-4668-BE54-9A1E7A4F7556}") = "YOLOv4.Tests", "test\YOLOv4.Tests.csproj", "{241AC79D-0399-4B2A-9C01-07C609F74B69}"
EndProject
Project("{9A19103F-16F7-4668-BE54-9A1E7A4F7556}") = "TrainV4", "samples\TrainV4\TrainV4.csproj", "{5299523B-B225-4A47-8C58-66D58B3547D2}"
EndProject
Project("{2150E333-8FDC-42A3-9474-1A3956D46DE8}") = "Samples", "Samples", "{4AA5CFE0-5A26-45D9-9748-FB3F89EDE83A}"
EndProject
Project("{FAE04EC0-301F-11D3-BF4B-00C04F79EFBC}") = "DetectUI", "samples\DetectUI\DetectUI.csproj", "{D695A271-2BBA-4737-81E2-6A9BE0A8290E}"
EndProject
Global
	GlobalSection(SolutionConfigurationPlatforms) = preSolution
		Debug|Any CPU = Debug|Any CPU
		Release|Any CPU = Release|Any CPU
	EndGlobalSection
	GlobalSection(ProjectConfigurationPlatforms) = postSolution
		{04BE1707-4235-44E6-AB58-48621D5160D3}.Debug|Any CPU.ActiveCfg = Debug|Any CPU
		{04BE1707-4235-44E6-AB58-48621D5160D3}.Debug|Any CPU.Build.0 = Debug|Any CPU
		{04BE1707-4235-44E6-AB58-48621D5160D3}.Release|Any CPU.ActiveCfg = Release|Any CPU
		{04BE1707-4235-44E6-AB58-48621D5160D3}.Release|Any CPU.Build.0 = Release|Any CPU
		{241AC79D-0399-4B2A-9C01-07C609F74B69}.Debug|Any CPU.ActiveCfg = Debug|Any CPU
		{241AC79D-0399-4B2A-9C01-07C609F74B69}.Debug|Any CPU.Build.0 = Debug|Any CPU
		{241AC79D-0399-4B2A-9C01-07C609F74B69}.Release|Any CPU.ActiveCfg = Release|Any CPU
		{241AC79D-0399-4B2A-9C01-07C609F74B69}.Release|Any CPU.Build.0 = Release|Any CPU
		{5299523B-B225-4A47-8C58-66D58B3547D2}.Debug|Any CPU.ActiveCfg = Debug|Any CPU
		{5299523B-B225-4A47-8C58-66D58B3547D2}.Debug|Any CPU.Build.0 = Debug|Any CPU
		{5299523B-B225-4A47-8C58-66D58B3547D2}.Release|Any CPU.ActiveCfg = Release|Any CPU
		{5299523B-B225-4A47-8C58-66D58B3547D2}.Release|Any CPU.Build.0 = Release|Any CPU
		{D695A271-2BBA-4737-81E2-6A9BE0A8290E}.Debug|Any CPU.ActiveCfg = Debug|Any CPU
		{D695A271-2BBA-4737-81E2-6A9BE0A8290E}.Debug|Any CPU.Build.0 = Debug|Any CPU
		{D695A271-2BBA-4737-81E2-6A9BE0A8290E}.Release|Any CPU.ActiveCfg = Release|Any CPU
		{D695A271-2BBA-4737-81E2-6A9BE0A8290E}.Release|Any CPU.Build.0 = Release|Any CPU
	EndGlobalSection
	GlobalSection(SolutionProperties) = preSolution
		HideSolutionNode = FALSE
	EndGlobalSection
	GlobalSection(NestedProjects) = preSolution
		{5299523B-B225-4A47-8C58-66D58B3547D2} = {4AA5CFE0-5A26-45D9-9748-FB3F89EDE83A}
		{D695A271-2BBA-4737-81E2-6A9BE0A8290E} = {4AA5CFE0-5A26-45D9-9748-FB3F89EDE83A}
	EndGlobalSection
	GlobalSection(ExtensibilityGlobals) = postSolution
		SolutionGuid = {4D804A23-81D4-4FE4-9ADE-1110371610D4}
	EndGlobalSection
EndGlobal
